// !$*UTF8*$!
{
	archiveVersion = 1;
	classes = {
	};
	objectVersion = 77;
	objects = {

/* Begin PBXBuildFile section */
		2860B6F40B26E247D69DEAD4 /* GoogleService-Info.plist in Resources */ = {isa = PBXBuildFile; fileRef = ECFD4FA4AB8FE060898049FC /* GoogleService-Info.plist */; };
		356C10D6F6BFF3A6DBBE3772 /* FirebaseFirestore in Frameworks */ = {isa = PBXBuildFile; productRef = 73652EE60A8921FD33F954C2 /* FirebaseFirestore */; };
		3854C8A4EDD33F6D22EE4CFF /* FirebaseMessaging in Frameworks */ = {isa = PBXBuildFile; productRef = B5030E13AC27480B2A9E0B20 /* FirebaseMessaging */; };
		48D60C4A896BE81E11AA2BBE /* FirebaseAuth in Frameworks */ = {isa = PBXBuildFile; productRef = CB07AC943EE21624587BDCE6 /* FirebaseAuth */; };
		A1B2C3D4E5F60718293A4B5D /* FirebaseStorage in Frameworks */ = {isa = PBXBuildFile; productRef = A1B2C3D4E5F60718293A4B5E /* FirebaseStorage */; };
		C8A5H171C5F1B3B45300001 /* FirebaseCrashlytics in Frameworks */ = {isa = PBXBuildFile; productRef = C8A5H171C5F1B3B45300002 /* FirebaseCrashlytics */; };
		F4C621BAF1B5640887A363D1 /* FirebaseCore in Frameworks */ = {isa = PBXBuildFile; productRef = A8CDA2F5030591C06A2E55C7 /* FirebaseCore */; };

		B10000000000000000000016 /* PickemsWidget.appex in Embed Foundation Extensions */ = {isa = PBXBuildFile; fileRef = B10000000000000000000003 /* PickemsWidget.appex */; settings = {ATTRIBUTES = (RemoveHeadersOnCopy, ); }; };
		B1000000000000000000001A /* PickemsWatch.app in Embed Watch Content */ = {isa = PBXBuildFile; fileRef = B10000000000000000000004 /* PickemsWatch.app */; settings = {ATTRIBUTES = (RemoveHeadersOnCopy, ); }; };
/* End PBXBuildFile section */

/* Begin PBXContainerItemProxy section */
		9849E6202FEEC2C400CC6B9A /* PBXContainerItemProxy */ = {
			isa = PBXContainerItemProxy;
			containerPortal = 9849E6062FEEC2BC00CC6B9A /* Project object */;
			proxyType = 1;
			remoteGlobalIDString = 9849E60D2FEEC2BD00CC6B9A;
			remoteInfo = Pickems;
		};
		9849E62A2FEEC2C400CC6B9A /* PBXContainerItemProxy */ = {
			isa = PBXContainerItemProxy;
			containerPortal = 9849E6062FEEC2BC00CC6B9A /* Project object */;
			proxyType = 1;
			remoteGlobalIDString = 9849E60D2FEEC2BD00CC6B9A;
			remoteInfo = Pickems;
		};

		B10000000000000000000015 /* PBXContainerItemProxy */ = {
			isa = PBXContainerItemProxy;
			containerPortal = 9849E6062FEEC2BC00CC6B9A /* Project object */;
			proxyType = 1;
			remoteGlobalIDString = B10000000000000000000005;
			remoteInfo = PickemsWidget;
		};
		B1000000000000000000001C /* PBXContainerItemProxy */ = {
			isa = PBXContainerItemProxy;
			containerPortal = 9849E6062FEEC2BC00CC6B9A /* Project object */;
			proxyType = 1;
			remoteGlobalIDString = B10000000000000000000006;
			remoteInfo = PickemsWatch;
		};
/* End PBXContainerItemProxy section */

/* Begin PBXFileReference section */
		9849E60E2FEEC2BD00CC6B9A /* Pickems.app */ = {isa = PBXFileReference; explicitFileType = wrapper.application; includeInIndex = 0; path = Pickems.app; sourceTree = BUILT_PRODUCTS_DIR; };
		9849E61F2FEEC2C400CC6B9A /* PickemsTests.xctest */ = {isa = PBXFileReference; explicitFileType = wrapper.cfbundle; includeInIndex = 0; path = PickemsTests.xctest; sourceTree = BUILT_PRODUCTS_DIR; };
		9849E6292FEEC2C400CC6B9A /* PickemsUITests.xctest */ = {isa = PBXFileReference; explicitFileType = wrapper.cfbundle; includeInIndex = 0; path = PickemsUITests.xctest; sourceTree = BUILT_PRODUCTS_DIR; };
		ECFD4FA4AB8FE060898049FC /* GoogleService-Info.plist */ = {isa = PBXFileReference; explicitFileType = text.plist; name = "GoogleService-Info.plist"; path = "Pickems/GoogleService-Info.plist"; sourceTree = "<group>"; };

		B10000000000000000000003 /* PickemsWidget.appex */ = {isa = PBXFileReference; explicitFileType = "wrapper.app-extension"; includeInIndex = 0; path = PickemsWidget.appex; sourceTree = BUILT_PRODUCTS_DIR; };
		B10000000000000000000004 /* PickemsWatch.app */ = {isa = PBXFileReference; explicitFileType = wrapper.application; includeInIndex = 0; path = PickemsWatch.app; sourceTree = BUILT_PRODUCTS_DIR; };
/* End PBXFileReference section */

/* Begin PBXFileSystemSynchronizedBuildFileExceptionSet section */
		9849E6312FEEC2C400CC6B9A /* Exceptions for "Pickems" folder in "Pickems" target */ = {
			isa = PBXFileSystemSynchronizedBuildFileExceptionSet;
			membershipExceptions = (
				"GoogleService-Info.plist",
				Info.plist,
			);
			target = 9849E60D2FEEC2BD00CC6B9A /* Pickems */;
		};
		98848D1A2FEEDB500089E6EC /* Exceptions for "Pickems" folder in "PickemsTests" target */ = {
			isa = PBXFileSystemSynchronizedBuildFileExceptionSet;
			membershipExceptions = (
				"GoogleService-Info.plist",
			);
			target = 9849E61E2FEEC2C400CC6B9A /* PickemsTests */;
		};
		98848D1B2FEEDB500089E6EC /* Exceptions for "Pickems" folder in "PickemsUITests" target */ = {
			isa = PBXFileSystemSynchronizedBuildFileExceptionSet;
			membershipExceptions = (
				"GoogleService-Info.plist",
			);
			target = 9849E6282FEEC2C400CC6B9A /* PickemsUITests */;
		};

		B10000000000000000000017 /* Exceptions for "PickemsWidget" folder in "PickemsWidget" target */ = {
			isa = PBXFileSystemSynchronizedBuildFileExceptionSet;
			membershipExceptions = (
				Info.plist,
			);
			target = B10000000000000000000005 /* PickemsWidget */;
		};
		B10000000000000000000018 /* Exceptions for "PickemsWatch" folder in "PickemsWatch" target */ = {
			isa = PBXFileSystemSynchronizedBuildFileExceptionSet;
			membershipExceptions = (
				Info.plist,
			);
			target = B10000000000000000000006 /* PickemsWatch */;
		};
/* End PBXFileSystemSynchronizedBuildFileExceptionSet section */

/* Begin PBXFileSystemSynchronizedRootGroup section */
		9849E6102FEEC2BD00CC6B9A /* Pickems */ = {
			isa = PBXFileSystemSynchronizedRootGroup;
			exceptions = (
				9849E6312FEEC2C400CC6B9A /* Exceptions for "Pickems" folder in "Pickems" target */,
				98848D1A2FEEDB500089E6EC /* Exceptions for "Pickems" folder in "PickemsTests" target */,
				98848D1B2FEEDB500089E6EC /* Exceptions for "Pickems" folder in "PickemsUITests" target */,
			);
			path = Pickems;
			sourceTree = "<group>";
		};
		9849E6222FEEC2C400CC6B9A /* PickemsTests */ = {
			isa = PBXFileSystemSynchronizedRootGroup;
			path = PickemsTests;
			sourceTree = "<group>";
		};
		9849E62C2FEEC2C400CC6B9A /* PickemsUITests */ = {
			isa = PBXFileSystemSynchronizedRootGroup;
			path = PickemsUITests;
			sourceTree = "<group>";
		};

		B10000000000000000000001 /* PickemsWidget */ = {
			isa = PBXFileSystemSynchronizedRootGroup;
			exceptions = (
				B10000000000000000000017 /* Exceptions for "PickemsWidget" folder in "PickemsWidget" target */,
			);
			path = PickemsWidget;
			sourceTree = "<group>";
		};
		B10000000000000000000002 /* PickemsWatch */ = {
			isa = PBXFileSystemSynchronizedRootGroup;
			exceptions = (
				B10000000000000000000018 /* Exceptions for "PickemsWatch" folder in "PickemsWatch" target */,
			);
			path = PickemsWatch;
			sourceTree = "<group>";
		};
/* End PBXFileSystemSynchronizedRootGroup section */

/* Begin PBXFrameworksBuildPhase section */
		9849E60B2FEEC2BD00CC6B9A /* Frameworks */ = {
			isa = PBXFrameworksBuildPhase;
			buildActionMask = 2147483647;
			files = (
				F4C621BAF1B5640887A363D1 /* FirebaseCore in Frameworks */,
				48D60C4A896BE81E11AA2BBE /* FirebaseAuth in Frameworks */,
				356C10D6F6BFF3A6DBBE3772 /* FirebaseFirestore in Frameworks */,
				3854C8A4EDD33F6D22EE4CFF /* FirebaseMessaging in Frameworks */,
				A1B2C3D4E5F60718293A4B5D /* FirebaseStorage in Frameworks */,
				C8A5H171C5F1B3B45300001 /* FirebaseCrashlytics in Frameworks */,
			);
			runOnlyForDeploymentPostprocessing = 0;
		};
		9849E61C2FEEC2C400CC6B9A /* Frameworks */ = {
			isa = PBXFrameworksBuildPhase;
			buildActionMask = 2147483647;
			files = (
			);
			runOnlyForDeploymentPostprocessing = 0;
		};
		9849E6262FEEC2C400CC6B9A /* Frameworks */ = {
			isa = PBXFrameworksBuildPhase;
			buildActionMask = 2147483647;
			files = (
			);
			runOnlyForDeploymentPostprocessing = 0;
		};

		B10000000000000000000008 /* Frameworks */ = {
			isa = PBXFrameworksBuildPhase;
			buildActionMask = 2147483647;
			files = (
			);
			runOnlyForDeploymentPostprocessing = 0;
		};
		B1000000000000000000000B /* Frameworks */ = {
			isa = PBXFrameworksBuildPhase;
			buildActionMask = 2147483647;
			files = (
			);
			runOnlyForDeploymentPostprocessing = 0;
		};
/* End PBXFrameworksBuildPhase section */

/* Begin PBXGroup section */
		9849E6052FEEC2BC00CC6B9A = {
			isa = PBXGroup;
			children = (
				9849E6102FEEC2BD00CC6B9A /* Pickems */,
				B10000000000000000000001 /* PickemsWidget */,
				B10000000000000000000002 /* PickemsWatch */,
				9849E6222FEEC2C400CC6B9A /* PickemsTests */,
				9849E62C2FEEC2C400CC6B9A /* PickemsUITests */,
				9849E60F2FEEC2BD00CC6B9A /* Products */,
				ECFD4FA4AB8FE060898049FC /* GoogleService-Info.plist */,
			);
			sourceTree = "<group>";
		};
		9849E60F2FEEC2BD00CC6B9A /* Products */ = {
			isa = PBXGroup;
			children = (
				9849E60E2FEEC2BD00CC6B9A /* Pickems.app */,
				B10000000000000000000003 /* PickemsWidget.appex */,
				B10000000000000000000004 /* PickemsWatch.app */,
				9849E61F2FEEC2C400CC6B9A /* PickemsTests.xctest */,
				9849E6292FEEC2C400CC6B9A /* PickemsUITests.xctest */,
			);
			name = Products;
			sourceTree = "<group>";
		};
/* End PBXGroup section */

/* Begin PBXNativeTarget section */
		9849E60D2FEEC2BD00CC6B9A /* Pickems */ = {
			isa = PBXNativeTarget;
			buildConfigurationList = 9849E6322FEEC2C400CC6B9A /* Build configuration list for PBXNativeTarget "Pickems" */;
			buildPhases = (
				9849E60A2FEEC2BD00CC6B9A /* Sources */,
				9849E60B2FEEC2BD00CC6B9A /* Frameworks */,
				9849E60C2FEEC2BD00CC6B9A /* Resources */,
				B10000000000000000000013 /* Embed Foundation Extensions */,
			);
			buildRules = (
			);
			dependencies = (
				B10000000000000000000014 /* PBXTargetDependency */,
			);
			fileSystemSynchronizedGroups = (
				9849E6102FEEC2BD00CC6B9A /* Pickems */,
			);
			name = Pickems;
			packageProductDependencies = (
				A8CDA2F5030591C06A2E55C7 /* FirebaseCore */,
				CB07AC943EE21624587BDCE6 /* FirebaseAuth */,
				73652EE60A8921FD33F954C2 /* FirebaseFirestore */,
				B5030E13AC27480B2A9E0B20 /* FirebaseMessaging */,
				A1B2C3D4E5F60718293A4B5E /* FirebaseStorage */,
				C8A5H171C5F1B3B45300002 /* FirebaseCrashlytics */,
			);
			productName = Pickems;
			productReference = 9849E60E2FEEC2BD00CC6B9A /* Pickems.app */;
			productType = "com.apple.product-type.application";
		};
		9849E61E2FEEC2C400CC6B9A /* PickemsTests */ = {
			isa = PBXNativeTarget;
			buildConfigurationList = 9849E6372FEEC2C400CC6B9A /* Build configuration list for PBXNativeTarget "PickemsTests" */;
			buildPhases = (
				9849E61B2FEEC2C400CC6B9A /* Sources */,
				9849E61C2FEEC2C400CC6B9A /* Frameworks */,
				9849E61D2FEEC2C400CC6B9A /* Resources */,
			);
			buildRules = (
			);
			dependencies = (
				9849E6212FEEC2C400CC6B9A /* PBXTargetDependency */,
			);
			fileSystemSynchronizedGroups = (
				9849E6222FEEC2C400CC6B9A /* PickemsTests */,
			);
			name = PickemsTests;
			packageProductDependencies = (
			);
			productName = PickemsTests;
			productReference = 9849E61F2FEEC2C400CC6B9A /* PickemsTests.xctest */;
			productType = "com.apple.product-type.bundle.unit-test";
		};
		9849E6282FEEC2C400CC6B9A /* PickemsUITests */ = {
			isa = PBXNativeTarget;
			buildConfigurationList = 9849E63A2FEEC2C400CC6B9A /* Build configuration list for PBXNativeTarget "PickemsUITests" */;
			buildPhases = (
				9849E6252FEEC2C400CC6B9A /* Sources */,
				9849E6262FEEC2C400CC6B9A /* Frameworks */,
				9849E6272FEEC2C400CC6B9A /* Resources */,
			);
			buildRules = (
			);
			dependencies = (
				9849E62B2FEEC2C400CC6B9A /* PBXTargetDependency */,
			);
			fileSystemSynchronizedGroups = (
				9849E62C2FEEC2C400CC6B9A /* PickemsUITests */,
			);
			name = PickemsUITests;
			packageProductDependencies = (
			);
			productName = PickemsUITests;
			productReference = 9849E6292FEEC2C400CC6B9A /* PickemsUITests.xctest */;
			productType = "com.apple.product-type.bundle.ui-testing";
		};

		B10000000000000000000005 /* PickemsWidget */ = {
			isa = PBXNativeTarget;
			buildConfigurationList = B10000000000000000000011 /* Build configuration list for PBXNativeTarget "PickemsWidget" */;
			buildPhases = (
				B10000000000000000000007 /* Sources */,
				B10000000000000000000008 /* Frameworks */,
				B10000000000000000000009 /* Resources */,
			);
			buildRules = (
			);
			dependencies = (
			);
			fileSystemSynchronizedGroups = (
				B10000000000000000000001 /* PickemsWidget */,
			);
			name = PickemsWidget;
			packageProductDependencies = (
			);
			productName = PickemsWidget;
			productReference = B10000000000000000000003 /* PickemsWidget.appex */;
			productType = "com.apple.product-type.app-extension";
		};
		B10000000000000000000006 /* PickemsWatch */ = {
			isa = PBXNativeTarget;
			buildConfigurationList = B10000000000000000000012 /* Build configuration list for PBXNativeTarget "PickemsWatch" */;
			buildPhases = (
				B1000000000000000000000A /* Sources */,
				B1000000000000000000000B /* Frameworks */,
				B1000000000000000000000C /* Resources */,
			);
			buildRules = (
			);
			dependencies = (
			);
			fileSystemSynchronizedGroups = (
				B10000000000000000000002 /* PickemsWatch */,
			);
			name = PickemsWatch;
			packageProductDependencies = (
			);
			productName = PickemsWatch;
			productReference = B10000000000000000000004 /* PickemsWatch.app */;
			productType = "com.apple.product-type.application";
		};
/* End PBXNativeTarget section */

/* Begin PBXProject section */
		9849E6062FEEC2BC00CC6B9A /* Project object */ = {
			isa = PBXProject;
			attributes = {
				BuildIndependentTargetsInParallel = 1;
				LastSwiftUpdateCheck = 2660;
				LastUpgradeCheck = 2660;
				TargetAttributes = {
					9849E60D2FEEC2BD00CC6B9A = {
						CreatedOnToolsVersion = 26.6;
					};
					9849E61E2FEEC2C400CC6B9A = {
						CreatedOnToolsVersion = 26.6;
						TestTargetID = 9849E60D2FEEC2BD00CC6B9A;
					};
					9849E6282FEEC2C400CC6B9A = {
						CreatedOnToolsVersion = 26.6;
						TestTargetID = 9849E60D2FEEC2BD00CC6B9A;
					};
					B10000000000000000000005 = {
						CreatedOnToolsVersion = 26.6;
					};
					B10000000000000000000006 = {
						CreatedOnToolsVersion = 26.6;
					};
				};
			};
			buildConfigurationList = 9849E6092FEEC2BC00CC6B9A /* Build configuration list for PBXProject "Pickems" */;
			developmentRegion = en;
			hasScannedForEncodings = 0;
			knownRegions = (
				en,
				Base,
			);
			mainGroup = 9849E6052FEEC2BC00CC6B9A;
			minimizedProjectReferenceProxies = 1;
			packageReferences = (
				E8E659C1013CDE353D048F2C /* XCRemoteSwiftPackageReference "firebase-ios-sdk" */,
			);
			preferredProjectObjectVersion = 77;
			productRefGroup = 9849E60F2FEEC2BD00CC6B9A /* Products */;
			projectDirPath = "";
			projectRoot = "";
			targets = (
				9849E60D2FEEC2BD00CC6B9A /* Pickems */,
				B10000000000000000000005 /* PickemsWidget */,
				B10000000000000000000006 /* PickemsWatch */,
				9849E61E2FEEC2C400CC6B9A /* PickemsTests */,
				9849E6282FEEC2C400CC6B9A /* PickemsUITests */,
			);
		};
/* End PBXProject section */

/* Begin PBXResourcesBuildPhase section */
		9849E60C2FEEC2BD00CC6B9A /* Resources */ = {
			isa = PBXResourcesBuildPhase;
			buildActionMask = 2147483647;
			files = (
				2860B6F40B26E247D69DEAD4 /* GoogleService-Info.plist in Resources */,
			);
			runOnlyForDeploymentPostprocessing = 0;
		};
		9849E61D2FEEC2C400CC6B9A /* Resources */ = {
			isa = PBXResourcesBuildPhase;
			buildActionMask = 2147483647;
			files = (
			);
			runOnlyForDeploymentPostprocessing = 0;
		};
		9849E6272FEEC2C400CC6B9A /* Resources */ = {
			isa = PBXResourcesBuildPhase;
			buildActionMask = 2147483647;
			files = (
			);
			runOnlyForDeploymentPostprocessing = 0;
		};

		B10000000000000000000009 /* Resources */ = {
			isa = PBXResourcesBuildPhase;
			buildActionMask = 2147483647;
			files = (
			);
			runOnlyForDeploymentPostprocessing = 0;
		};
		B1000000000000000000000C /* Resources */ = {
			isa = PBXResourcesBuildPhase;
			buildActionMask = 2147483647;
			files = (
			);
			runOnlyForDeploymentPostprocessing = 0;
		};
/* End PBXResourcesBuildPhase section */


/* Begin PBXCopyFilesBuildPhase section */
		B10000000000000000000013 /* Embed Foundation Extensions */ = {
			isa = PBXCopyFilesBuildPhase;
			buildActionMask = 2147483647;
			dstPath = "";
			dstSubfolderSpec = 13;
			files = (
				B10000000000000000000016 /* PickemsWidget.appex in Embed Foundation Extensions */,
			);
			name = "Embed Foundation Extensions";
			runOnlyForDeploymentPostprocessing = 0;
		};
		B10000000000000000000019 /* Embed Watch Content */ = {
			isa = PBXCopyFilesBuildPhase;
			buildActionMask = 2147483647;
			dstPath = "$(CONTENTS_FOLDER_PATH)/Watch";
			dstSubfolderSpec = 16;
			files = (
				B1000000000000000000001A /* PickemsWatch.app in Embed Watch Content */,
			);
			name = "Embed Watch Content";
			runOnlyForDeploymentPostprocessing = 0;
		};
/* End PBXCopyFilesBuildPhase section */

/* Begin PBXSourcesBuildPhase section */
		9849E60A2FEEC2BD00CC6B9A /* Sources */ = {
			isa = PBXSourcesBuildPhase;
			buildActionMask = 2147483647;
			files = (
			);
			runOnlyForDeploymentPostprocessing = 0;
		};
		9849E61B2FEEC2C400CC6B9A /* Sources */ = {
			isa = PBXSourcesBuildPhase;
			buildActionMask = 2147483647;
			files = (
			);
			runOnlyForDeploymentPostprocessing = 0;
		};
		9849E6252FEEC2C400CC6B9A /* Sources */ = {
			isa = PBXSourcesBuildPhase;
			buildActionMask = 2147483647;
			files = (
			);
			runOnlyForDeploymentPostprocessing = 0;
		};

		B10000000000000000000007 /* Sources */ = {
			isa = PBXSourcesBuildPhase;
			buildActionMask = 2147483647;
			files = (
			);
			runOnlyForDeploymentPostprocessing = 0;
		};
		B1000000000000000000000A /* Sources */ = {
			isa = PBXSourcesBuildPhase;
			buildActionMask = 2147483647;
			files = (
			);
			runOnlyForDeploymentPostprocessing = 0;
		};
/* End PBXSourcesBuildPhase section */

/* Begin PBXTargetDependency section */
		9849E6212FEEC2C400CC6B9A /* PBXTargetDependency */ = {
			isa = PBXTargetDependency;
			target = 9849E60D2FEEC2BD00CC6B9A /* Pickems */;
			targetProxy = 9849E6202FEEC2C400CC6B9A /* PBXContainerItemProxy */;
		};
		9849E62B2FEEC2C400CC6B9A /* PBXTargetDependency */ = {
			isa = PBXTargetDependency;
			target = 9849E60D2FEEC2BD00CC6B9A /* Pickems */;
			targetProxy = 9849E62A2FEEC2C400CC6B9A /* PBXContainerItemProxy */;
		};

		B10000000000000000000014 /* PBXTargetDependency */ = {
			isa = PBXTargetDependency;
			target = B10000000000000000000005 /* PickemsWidget */;
			targetProxy = B10000000000000000000015 /* PBXContainerItemProxy */;
		};
		B1000000000000000000001B /* PBXTargetDependency */ = {
			isa = PBXTargetDependency;
			target = B10000000000000000000006 /* PickemsWatch */;
			targetProxy = B1000000000000000000001C /* PBXContainerItemProxy */;
		};
/* End PBXTargetDependency section */

/* Begin XCBuildConfiguration section */
		9849E6332FEEC2C400CC6B9A /* Debug */ = {
			isa = XCBuildConfiguration;
			buildSettings = {
				ASSETCATALOG_COMPILER_APPICON_NAME = AppIcon;
				ASSETCATALOG_COMPILER_GLOBAL_ACCENT_COLOR_NAME = AccentColor;
				CODE_SIGN_ENTITLEMENTS = Pickems/Pickems.entitlements;
				CODE_SIGN_STYLE = Automatic;
				CURRENT_PROJECT_VERSION = 210;
				DEVELOPMENT_TEAM = 22A943P8SJ;
				ENABLE_PREVIEWS = YES;
				GENERATE_INFOPLIST_FILE = YES;
				INFOPLIST_FILE = Pickems/Info.plist;
				INFOPLIST_KEY_CFBundleDisplayName = Pickems;
				INFOPLIST_KEY_LSApplicationCategoryType = "public.app-category.sports";
				INFOPLIST_KEY_UIApplicationSceneManifest_Generation = YES;
				INFOPLIST_KEY_UIApplicationSupportsIndirectInputEvents = YES;
				INFOPLIST_KEY_UILaunchScreen_Generation = YES;
				INFOPLIST_KEY_UISupportedInterfaceOrientations = UIInterfaceOrientationPortrait;
				INFOPLIST_KEY_UISupportedInterfaceOrientations_iPad = "UIInterfaceOrientationLandscapeLeft UIInterfaceOrientationLandscapeRight UIInterfaceOrientationPortrait UIInterfaceOrientationPortraitUpsideDown";
				LD_RUNPATH_SEARCH_PATHS = (
					"$(inherited)",
					"@executable_path/Frameworks",
				);
				MARKETING_VERSION = 2.1;
				PRODUCT_BUNDLE_IDENTIFIER = FannypackInc.Pickems;
				PRODUCT_NAME = "$(TARGET_NAME)";
				STRING_CATALOG_GENERATE_SYMBOLS = YES;
				SWIFT_APPROACHABLE_CONCURRENCY = YES;
				SWIFT_DEFAULT_ACTOR_ISOLATION = MainActor;
				SWIFT_EMIT_LOC_STRINGS = YES;
				SWIFT_UPCOMING_FEATURE_MEMBER_IMPORT_VISIBILITY = YES;
				SWIFT_VERSION = 5.0;
				TARGETED_DEVICE_FAMILY = "1,2";
			};
			name = Debug;
		};
		9849E6342FEEC2C400CC6B9A /* Release */ = {
			isa = XCBuildConfiguration;
			buildSettings = {
				ASSETCATALOG_COMPILER_APPICON_NAME = AppIcon;
				ASSETCATALOG_COMPILER_GLOBAL_ACCENT_COLOR_NAME = AccentColor;
				CODE_SIGN_ENTITLEMENTS = Pickems/Pickems.entitlements;
				CODE_SIGN_STYLE = Automatic;
				CURRENT_PROJECT_VERSION = 210;
				DEVELOPMENT_TEAM = 22A943P8SJ;
				ENABLE_PREVIEWS = YES;
				GENERATE_INFOPLIST_FILE = YES;
				INFOPLIST_FILE = Pickems/Info.plist;
				INFOPLIST_KEY_CFBundleDisplayName = Pickems;
				INFOPLIST_KEY_LSApplicationCategoryType = "public.app-category.sports";
				INFOPLIST_KEY_UIApplicationSceneManifest_Generation = YES;
				INFOPLIST_KEY_UIApplicationSupportsIndirectInputEvents = YES;
				INFOPLIST_KEY_UILaunchScreen_Generation = YES;
				INFOPLIST_KEY_UISupportedInterfaceOrientations = UIInterfaceOrientationPortrait;
				INFOPLIST_KEY_UISupportedInterfaceOrientations_iPad = "UIInterfaceOrientationLandscapeLeft UIInterfaceOrientationLandscapeRight UIInterfaceOrientationPortrait UIInterfaceOrientationPortraitUpsideDown";
				LD_RUNPATH_SEARCH_PATHS = (
					"$(inherited)",
					"@executable_path/Frameworks",
				);
				MARKETING_VERSION = 2.1;
				PRODUCT_BUNDLE_IDENTIFIER = FannypackInc.Pickems;
				PRODUCT_NAME = "$(TARGET_NAME)";
				STRING_CATALOG_GENERATE_SYMBOLS = YES;
				SWIFT_APPROACHABLE_CONCURRENCY = YES;
				SWIFT_DEFAULT_ACTOR_ISOLATION = MainActor;
				SWIFT_EMIT_LOC_STRINGS = YES;
				SWIFT_UPCOMING_FEATURE_MEMBER_IMPORT_VISIBILITY = YES;
				SWIFT_VERSION = 5.0;
				TARGETED_DEVICE_FAMILY = "1,2";
			};
			name = Release;
		};
		9849E6352FEEC2C400CC6B9A /* Debug */ = {
			isa = XCBuildConfiguration;
			buildSettings = {
				ALWAYS_SEARCH_USER_PATHS = NO;
				ASSETCATALOG_COMPILER_GENERATE_SWIFT_ASSET_SYMBOL_EXTENSIONS = YES;
				CLANG_ANALYZER_NONNULL = YES;
				CLANG_ANALYZER_NUMBER_OBJECT_CONVERSION = YES_AGGRESSIVE;
				CLANG_CXX_LANGUAGE_STANDARD = "gnu++20";
				CLANG_ENABLE_MODULES = YES;
				CLANG_ENABLE_OBJC_ARC = YES;
				CLANG_ENABLE_OBJC_WEAK = YES;
				CLANG_WARN_BLOCK_CAPTURE_AUTORELEASING = YES;
				CLANG_WARN_BOOL_CONVERSION = YES;
				CLANG_WARN_COMMA = YES;
				CLANG_WARN_CONSTANT_CONVERSION = YES;
				CLANG_WARN_DEPRECATED_OBJC_IMPLEMENTATIONS = YES;
				CLANG_WARN_DIRECT_OBJC_ISA_USAGE = YES_ERROR;
				CLANG_WARN_DOCUMENTATION_COMMENTS = YES;
				CLANG_WARN_EMPTY_BODY = YES;
				CLANG_WARN_ENUM_CONVERSION = YES;
				CLANG_WARN_INFINITE_RECURSION = YES;
				CLANG_WARN_INT_CONVERSION = YES;
				CLANG_WARN_NON_LITERAL_NULL_CONVERSION = YES;
				CLANG_WARN_OBJC_IMPLICIT_RETAIN_SELF = YES;
				CLANG_WARN_OBJC_LITERAL_CONVERSION = YES;
				CLANG_WARN_OBJC_ROOT_CLASS = YES_ERROR;
				CLANG_WARN_QUOTED_INCLUDE_IN_FRAMEWORK_HEADER = YES;
				CLANG_WARN_RANGE_LOOP_ANALYSIS = YES;
				CLANG_WARN_STRICT_PROTOTYPES = YES;
				CLANG_WARN_SUSPICIOUS_MOVE = YES;
				CLANG_WARN_UNGUARDED_AVAILABILITY = YES_AGGRESSIVE;
				CLANG_WARN_UNREACHABLE_CODE = YES;
				CLANG_WARN__DUPLICATE_METHOD_MATCH = YES;
				COPY_PHASE_STRIP = NO;
				DEBUG_INFORMATION_FORMAT = dwarf;
				DEVELOPMENT_TEAM = 22A943P8SJ;
				ENABLE_STRICT_OBJC_MSGSEND = YES;
				ENABLE_TESTABILITY = YES;
				ENABLE_USER_SCRIPT_SANDBOXING = YES;
				GCC_C_LANGUAGE_STANDARD = gnu17;
				GCC_DYNAMIC_NO_PIC = NO;
				GCC_NO_COMMON_BLOCKS = YES;
				GCC_OPTIMIZATION_LEVEL = 0;
				GCC_PREPROCESSOR_DEFINITIONS = (
					"DEBUG=1",
					"$(inherited)",
				);
				GCC_WARN_64_TO_32_BIT_CONVERSION = YES;
				GCC_WARN_ABOUT_RETURN_TYPE = YES_ERROR;
				GCC_WARN_UNDECLARED_SELECTOR = YES;
				GCC_WARN_UNINITIALIZED_AUTOS = YES_AGGRESSIVE;
				GCC_WARN_UNUSED_FUNCTION = YES;
				GCC_WARN_UNUSED_VARIABLE = YES;
				IPHONEOS_DEPLOYMENT_TARGET = 26.5;
				LOCALIZATION_PREFERS_STRING_CATALOGS = YES;
				MTL_ENABLE_DEBUG_INFO = INCLUDE_SOURCE;
				MTL_FAST_MATH = YES;
				ONLY_ACTIVE_ARCH = YES;
				SDKROOT = iphoneos;
				SWIFT_ACTIVE_COMPILATION_CONDITIONS = "DEBUG $(inherited)";
				SWIFT_OPTIMIZATION_LEVEL = "-Onone";
			};
			name = Debug;
		};
		9849E6362FEEC2C400CC6B9A /* Release */ = {
			isa = XCBuildConfiguration;
			buildSettings = {
				ALWAYS_SEARCH_USER_PATHS = NO;
				ASSETCATALOG_COMPILER_GENERATE_SWIFT_ASSET_SYMBOL_EXTENSIONS = YES;
				CLANG_ANALYZER_NONNULL = YES;
				CLANG_ANALYZER_NUMBER_OBJECT_CONVERSION = YES_AGGRESSIVE;
				CLANG_CXX_LANGUAGE_STANDARD = "gnu++20";
				CLANG_ENABLE_MODULES = YES;
				CLANG_ENABLE_OBJC_ARC = YES;
				CLANG_ENABLE_OBJC_WEAK = YES;
				CLANG_WARN_BLOCK_CAPTURE_AUTORELEASING = YES;
				CLANG_WARN_BOOL_CONVERSION = YES;
				CLANG_WARN_COMMA = YES;
				CLANG_WARN_CONSTANT_CONVERSION = YES;
				CLANG_WARN_DEPRECATED_OBJC_IMPLEMENTATIONS = YES;
				CLANG_WARN_DIRECT_OBJC_ISA_USAGE = YES_ERROR;
				CLANG_WARN_DOCUMENTATION_COMMENTS = YES;
				CLANG_WARN_EMPTY_BODY = YES;
				CLANG_WARN_ENUM_CONVERSION = YES;
				CLANG_WARN_INFINITE_RECURSION = YES;
				CLANG_WARN_INT_CONVERSION = YES;
				CLANG_WARN_NON_LITERAL_NULL_CONVERSION = YES;
				CLANG_WARN_OBJC_IMPLICIT_RETAIN_SELF = YES;
				CLANG_WARN_OBJC_LITERAL_CONVERSION = YES;
				CLANG_WARN_OBJC_ROOT_CLASS = YES_ERROR;
				CLANG_WARN_QUOTED_INCLUDE_IN_FRAMEWORK_HEADER = YES;
				CLANG_WARN_RANGE_LOOP_ANALYSIS = YES;
				CLANG_WARN_STRICT_PROTOTYPES = YES;
				CLANG_WARN_SUSPICIOUS_MOVE = YES;
				CLANG_WARN_UNGUARDED_AVAILABILITY = YES_AGGRESSIVE;
				CLANG_WARN_UNREACHABLE_CODE = YES;
				CLANG_WARN__DUPLICATE_METHOD_MATCH = YES;
				COPY_PHASE_STRIP = NO;
				DEBUG_INFORMATION_FORMAT = "dwarf-with-dsym";
				DEVELOPMENT_TEAM = 22A943P8SJ;
				ENABLE_NS_ASSERTIONS = NO;
				ENABLE_STRICT_OBJC_MSGSEND = YES;
				ENABLE_USER_SCRIPT_SANDBOXING = YES;
				GCC_C_LANGUAGE_STANDARD = gnu17;
				GCC_NO_COMMON_BLOCKS = YES;
				GCC_WARN_64_TO_32_BIT_CONVERSION = YES;
				GCC_WARN_ABOUT_RETURN_TYPE = YES_ERROR;
				GCC_WARN_UNDECLARED_SELECTOR = YES;
				GCC_WARN_UNINITIALIZED_AUTOS = YES_AGGRESSIVE;
				GCC_WARN_UNUSED_FUNCTION = YES;
				GCC_WARN_UNUSED_VARIABLE = YES;
				IPHONEOS_DEPLOYMENT_TARGET = 26.5;
				LOCALIZATION_PREFERS_STRING_CATALOGS = YES;
				MTL_ENABLE_DEBUG_INFO = NO;
				MTL_FAST_MATH = YES;
				SDKROOT = iphoneos;
				SWIFT_COMPILATION_MODE = wholemodule;
				VALIDATE_PRODUCT = YES;
			};
			name = Release;
		};
		9849E6382FEEC2C400CC6B9A /* Debug */ = {
			isa = XCBuildConfiguration;
			buildSettings = {
				BUNDLE_LOADER = "$(TEST_HOST)";
				CODE_SIGN_STYLE = Automatic;
				CURRENT_PROJECT_VERSION = 1;
				DEVELOPMENT_TEAM = 22A943P8SJ;
				GENERATE_INFOPLIST_FILE = YES;
				IPHONEOS_DEPLOYMENT_TARGET = 26.5;
				MARKETING_VERSION = 1.0;
				OTHER_LDFLAGS = "-ObjC";
				PRODUCT_BUNDLE_IDENTIFIER = FannypackInc.PickemsTests;
				PRODUCT_NAME = "$(TARGET_NAME)";
				STRING_CATALOG_GENERATE_SYMBOLS = NO;
				SWIFT_APPROACHABLE_CONCURRENCY = YES;
				SWIFT_EMIT_LOC_STRINGS = NO;
				SWIFT_UPCOMING_FEATURE_MEMBER_IMPORT_VISIBILITY = YES;
				SWIFT_VERSION = 5.0;
				TARGETED_DEVICE_FAMILY = "1,2";
				TEST_HOST = "$(BUILT_PRODUCTS_DIR)/Pickems.app/$(BUNDLE_EXECUTABLE_FOLDER_PATH)/Pickems";
			};
			name = Debug;
		};
		9849E6392FEEC2C400CC6B9A /* Release */ = {
			isa = XCBuildConfiguration;
			buildSettings = {
				BUNDLE_LOADER = "$(TEST_HOST)";
				CODE_SIGN_STYLE = Automatic;
				CURRENT_PROJECT_VERSION = 1;
				DEVELOPMENT_TEAM = 22A943P8SJ;
				GENERATE_INFOPLIST_FILE = YES;
				IPHONEOS_DEPLOYMENT_TARGET = 26.5;
				MARKETING_VERSION = 1.0;
				OTHER_LDFLAGS = "-ObjC";
				PRODUCT_BUNDLE_IDENTIFIER = FannypackInc.PickemsTests;
				PRODUCT_NAME = "$(TARGET_NAME)";
				STRING_CATALOG_GENERATE_SYMBOLS = NO;
				SWIFT_APPROACHABLE_CONCURRENCY = YES;
				SWIFT_EMIT_LOC_STRINGS = NO;
				SWIFT_UPCOMING_FEATURE_MEMBER_IMPORT_VISIBILITY = YES;
				SWIFT_VERSION = 5.0;
				TARGETED_DEVICE_FAMILY = "1,2";
				TEST_HOST = "$(BUILT_PRODUCTS_DIR)/Pickems.app/$(BUNDLE_EXECUTABLE_FOLDER_PATH)/Pickems";
			};
			name = Release;
		};
		9849E63B2FEEC2C400CC6B9A /* Debug */ = {
			isa = XCBuildConfiguration;
			buildSettings = {
				CODE_SIGN_STYLE = Automatic;
				CURRENT_PROJECT_VERSION = 1;
				DEVELOPMENT_TEAM = 22A943P8SJ;
				GENERATE_INFOPLIST_FILE = YES;
				MARKETING_VERSION = 1.0;
				PRODUCT_BUNDLE_IDENTIFIER = FannypackInc.PickemsUITests;
				PRODUCT_NAME = "$(TARGET_NAME)";
				STRING_CATALOG_GENERATE_SYMBOLS = NO;
				SWIFT_APPROACHABLE_CONCURRENCY = YES;
				SWIFT_EMIT_LOC_STRINGS = NO;
				SWIFT_UPCOMING_FEATURE_MEMBER_IMPORT_VISIBILITY = YES;
				SWIFT_VERSION = 5.0;
				TARGETED_DEVICE_FAMILY = "1,2";
				TEST_TARGET_NAME = Pickems;
			};
			name = Debug;
		};
		9849E63C2FEEC2C400CC6B9A /* Release */ = {
			isa = XCBuildConfiguration;
			buildSettings = {
				CODE_SIGN_STYLE = Automatic;
				CURRENT_PROJECT_VERSION = 1;
				DEVELOPMENT_TEAM = 22A943P8SJ;
				GENERATE_INFOPLIST_FILE = YES;
				MARKETING_VERSION = 1.0;
				PRODUCT_BUNDLE_IDENTIFIER = FannypackInc.PickemsUITests;
				PRODUCT_NAME = "$(TARGET_NAME)";
				STRING_CATALOG_GENERATE_SYMBOLS = NO;
				SWIFT_APPROACHABLE_CONCURRENCY = YES;
				SWIFT_EMIT_LOC_STRINGS = NO;
				SWIFT_UPCOMING_FEATURE_MEMBER_IMPORT_VISIBILITY = YES;
				SWIFT_VERSION = 5.0;
				TARGETED_DEVICE_FAMILY = "1,2";
				TEST_TARGET_NAME = Pickems;
			};
			name = Release;
		};

		B1000000000000000000000D /* Debug */ = {
			isa = XCBuildConfiguration;
			buildSettings = {
				CODE_SIGN_ENTITLEMENTS = PickemsWidget/PickemsWidget.entitlements;
				CODE_SIGN_STYLE = Automatic;
				CURRENT_PROJECT_VERSION = 210;
				DEVELOPMENT_TEAM = 22A943P8SJ;
				GENERATE_INFOPLIST_FILE = YES;
				INFOPLIST_FILE = PickemsWidget/Info.plist;
				INFOPLIST_KEY_CFBundleDisplayName = Pickems;
				IPHONEOS_DEPLOYMENT_TARGET = 26.5;
				LD_RUNPATH_SEARCH_PATHS = (
					"$(inherited)",
					"@executable_path/Frameworks",
					"@executable_path/../../Frameworks",
				);
				MARKETING_VERSION = 2.1;
				PRODUCT_BUNDLE_IDENTIFIER = FannypackInc.Pickems.widget;
				PRODUCT_NAME = "$(TARGET_NAME)";
				SKIP_INSTALL = YES;
				SWIFT_APPROACHABLE_CONCURRENCY = YES;
				SWIFT_EMIT_LOC_STRINGS = YES;
				SWIFT_VERSION = 5.0;
				TARGETED_DEVICE_FAMILY = "1,2";
			};
			name = Debug;
		};
		B1000000000000000000000E /* Release */ = {
			isa = XCBuildConfiguration;
			buildSettings = {
				CODE_SIGN_ENTITLEMENTS = PickemsWidget/PickemsWidget.entitlements;
				CODE_SIGN_STYLE = Automatic;
				CURRENT_PROJECT_VERSION = 210;
				DEVELOPMENT_TEAM = 22A943P8SJ;
				GENERATE_INFOPLIST_FILE = YES;
				INFOPLIST_FILE = PickemsWidget/Info.plist;
				INFOPLIST_KEY_CFBundleDisplayName = Pickems;
				IPHONEOS_DEPLOYMENT_TARGET = 26.5;
				LD_RUNPATH_SEARCH_PATHS = (
					"$(inherited)",
					"@executable_path/Frameworks",
					"@executable_path/../../Frameworks",
				);
				MARKETING_VERSION = 2.1;
				PRODUCT_BUNDLE_IDENTIFIER = FannypackInc.Pickems.widget;
				PRODUCT_NAME = "$(TARGET_NAME)";
				SKIP_INSTALL = YES;
				SWIFT_APPROACHABLE_CONCURRENCY = YES;
				SWIFT_EMIT_LOC_STRINGS = YES;
				SWIFT_VERSION = 5.0;
				TARGETED_DEVICE_FAMILY = "1,2";
			};
			name = Release;
		};
		B1000000000000000000000F /* Debug */ = {
			isa = XCBuildConfiguration;
			buildSettings = {
				CODE_SIGN_ENTITLEMENTS = PickemsWatch/PickemsWatch.entitlements;
				CODE_SIGN_STYLE = Automatic;
				CURRENT_PROJECT_VERSION = 210;
				DEVELOPMENT_TEAM = 22A943P8SJ;
				GENERATE_INFOPLIST_FILE = YES;
				INFOPLIST_FILE = PickemsWatch/Info.plist;
				INFOPLIST_KEY_CFBundleDisplayName = Pickems;
				INFOPLIST_KEY_WKApplication = YES;
				INFOPLIST_KEY_WKCompanionAppBundleIdentifier = FannypackInc.Pickems;
				LD_RUNPATH_SEARCH_PATHS = (
					"$(inherited)",
					"@executable_path/Frameworks",
				);
				MARKETING_VERSION = 2.1;
				PRODUCT_BUNDLE_IDENTIFIER = FannypackInc.Pickems.watchkitapp;
				PRODUCT_NAME = "$(TARGET_NAME)";
				SDKROOT = watchos;
				SKIP_INSTALL = YES;
				SWIFT_APPROACHABLE_CONCURRENCY = YES;
				SWIFT_EMIT_LOC_STRINGS = YES;
				SWIFT_VERSION = 5.0;
				TARGETED_DEVICE_FAMILY = 4;
				WATCHOS_DEPLOYMENT_TARGET = 11.0;
			};
			name = Debug;
		};
		B10000000000000000000010 /* Release */ = {
			isa = XCBuildConfiguration;
			buildSettings = {
				CODE_SIGN_ENTITLEMENTS = PickemsWatch/PickemsWatch.entitlements;
				CODE_SIGN_STYLE = Automatic;
				CURRENT_PROJECT_VERSION = 210;
				DEVELOPMENT_TEAM = 22A943P8SJ;
				GENERATE_INFOPLIST_FILE = YES;
				INFOPLIST_FILE = PickemsWatch/Info.plist;
				INFOPLIST_KEY_CFBundleDisplayName = Pickems;
				INFOPLIST_KEY_WKApplication = YES;
				INFOPLIST_KEY_WKCompanionAppBundleIdentifier = FannypackInc.Pickems;
				LD_RUNPATH_SEARCH_PATHS = (
					"$(inherited)",
					"@executable_path/Frameworks",
				);
				MARKETING_VERSION = 2.1;
				PRODUCT_BUNDLE_IDENTIFIER = FannypackInc.Pickems.watchkitapp;
				PRODUCT_NAME = "$(TARGET_NAME)";
				SDKROOT = watchos;
				SKIP_INSTALL = YES;
				SWIFT_APPROACHABLE_CONCURRENCY = YES;
				SWIFT_EMIT_LOC_STRINGS = YES;
				SWIFT_VERSION = 5.0;
				TARGETED_DEVICE_FAMILY = 4;
				WATCHOS_DEPLOYMENT_TARGET = 11.0;
			};
			name = Release;
		};
/* End XCBuildConfiguration section */

/* Begin XCConfigurationList section */
		9849E6092FEEC2BC00CC6B9A /* Build configuration list for PBXProject "Pickems" */ = {
			isa = XCConfigurationList;
			buildConfigurations = (
				9849E6352FEEC2C400CC6B9A /* Debug */,
				9849E6362FEEC2C400CC6B9A /* Release */,
			);
			defaultConfigurationIsVisible = 0;
			defaultConfigurationName = Release;
		};
		9849E6322FEEC2C400CC6B9A /* Build configuration list for PBXNativeTarget "Pickems" */ = {
			isa = XCConfigurationList;
			buildConfigurations = (
				9849E6332FEEC2C400CC6B9A /* Debug */,
				9849E6342FEEC2C400CC6B9A /* Release */,
			);
			defaultConfigurationIsVisible = 0;
			defaultConfigurationName = Release;
		};
		9849E6372FEEC2C400CC6B9A /* Build configuration list for PBXNativeTarget "PickemsTests" */ = {
			isa = XCConfigurationList;
			buildConfigurations = (
				9849E6382FEEC2C400CC6B9A /* Debug */,
				9849E6392FEEC2C400CC6B9A /* Release */,
			);
			defaultConfigurationIsVisible = 0;
			defaultConfigurationName = Release;
		};
		9849E63A2FEEC2C400CC6B9A /* Build configuration list for PBXNativeTarget "PickemsUITests" */ = {
			isa = XCConfigurationList;
			buildConfigurations = (
				9849E63B2FEEC2C400CC6B9A /* Debug */,
				9849E63C2FEEC2C400CC6B9A /* Release */,
			);
			defaultConfigurationIsVisible = 0;
			defaultConfigurationName = Release;
		};

		B10000000000000000000011 /* Build configuration list for PBXNativeTarget "PickemsWidget" */ = {
			isa = XCConfigurationList;
			buildConfigurations = (
				B1000000000000000000000D /* Debug */,
				B1000000000000000000000E /* Release */,
			);
			defaultConfigurationIsVisible = 0;
			defaultConfigurationName = Release;
		};
		B10000000000000000000012 /* Build configuration list for PBXNativeTarget "PickemsWatch" */ = {
			isa = XCConfigurationList;
			buildConfigurations = (
				B1000000000000000000000F /* Debug */,
				B10000000000000000000010 /* Release */,
			);
			defaultConfigurationIsVisible = 0;
			defaultConfigurationName = Release;
		};
/* End XCConfigurationList section */

/* Begin XCRemoteSwiftPackageReference section */
		E8E659C1013CDE353D048F2C /* XCRemoteSwiftPackageReference "firebase-ios-sdk" */ = {
			isa = XCRemoteSwiftPackageReference;
			repositoryURL = "https://github.com/firebase/firebase-ios-sdk";
			requirement = {
				kind = upToNextMajorVersion;
				minimumVersion = 11.9.0;
			};
		};
/* End XCRemoteSwiftPackageReference section */

/* Begin XCSwiftPackageProductDependency section */
		73652EE60A8921FD33F954C2 /* FirebaseFirestore */ = {
			isa = XCSwiftPackageProductDependency;
			package = E8E659C1013CDE353D048F2C /* XCRemoteSwiftPackageReference "firebase-ios-sdk" */;
			productName = FirebaseFirestore;
		};
		A1B2C3D4E5F60718293A4B5E /* FirebaseStorage */ = {
			isa = XCSwiftPackageProductDependency;
			package = E8E659C1013CDE353D048F2C /* XCRemoteSwiftPackageReference "firebase-ios-sdk" */;
			productName = FirebaseStorage;
		};
		A8CDA2F5030591C06A2E55C7 /* FirebaseCore */ = {
			isa = XCSwiftPackageProductDependency;
			package = E8E659C1013CDE353D048F2C /* XCRemoteSwiftPackageReference "firebase-ios-sdk" */;
			productName = FirebaseCore;
		};
		B5030E13AC27480B2A9E0B20 /* FirebaseMessaging */ = {
			isa = XCSwiftPackageProductDependency;
			package = E8E659C1013CDE353D048F2C /* XCRemoteSwiftPackageReference "firebase-ios-sdk" */;
			productName = FirebaseMessaging;
		};
		CB07AC943EE21624587BDCE6 /* FirebaseAuth */ = {
			isa = XCSwiftPackageProductDependency;
			package = E8E659C1013CDE353D048F2C /* XCRemoteSwiftPackageReference "firebase-ios-sdk" */;
			productName = FirebaseAuth;
		};
		C8A5H171C5F1B3B45300002 /* FirebaseCrashlytics */ = {
			isa = XCSwiftPackageProductDependency;
			package = E8E659C1013CDE353D048F2C /* XCRemoteSwiftPackageReference "firebase-ios-sdk" */;
			productName = FirebaseCrashlytics;
		};
/* End XCSwiftPackageProductDependency section */
	};
	rootObject = 9849E6062FEEC2BC00CC6B9A /* Project object */;
}
